
Microsoft Visual Studio Solution File, Format Version 12.00
# Visual Studio Version 16
VisualStudioVersion = 16.0.31229.75
MinimumVisualStudioVersion = 10.0.40219.1
Project("{9A19103F-16F7-4668-BE54-9A1E7A4F7556}") = "eSpazaShop.Entities", "eSpazaShop.Entities\eSpazaShop.Entities.csproj", "{7FE2A2A2-80F8-4C55-8475-CF10D262E74D}"
EndProject
Project("{9A19103F-16F7-4668-BE54-9A1E7A4F7556}") = "eSpazaShop.Repositories", "eSpazaShop.Repositories\eSpazaShop.Repositories.csproj", "{12E1DE1D-11EC-4A6C-9736-4A6000BDD6E0}"
EndProject
Project("{9A19103F-16F7-4668-BE54-9A1E7A4F7556}") = "eSpazaShop.Services", "eSpazaShop.Services\eSpazaShop.Services.csproj", "{DBC8D0A8-E5C6-476A-B27B-AEAF80DB7DCC}"
EndProject
Project("{9A19103F-16F7-4668-BE54-9A1E7A4F7556}") = "eSpazaShop.WebUI", "eSpazaShop.WebUI\eSpazaShop.WebUI.csproj", "{497DF605-CE18-4504-9DA8-B7A08FD9987B}"
EndProject
Project("{FAE04EC0-301F-11D3-BF4B-00C04F79EFBC}") = "ProjectTesting", "ProjectTesting\ProjectTesting.csproj", "{E2677161-E020-4E38-B0E3-1AB9FD15A809}"
EndProject
Global
	GlobalSection(SolutionConfigurationPlatforms) = preSolution
		Debug|Any CPU = Debug|Any CPU
		Release|Any CPU = Release|Any CPU
	EndGlobalSection
	GlobalSection(ProjectConfigurationPlatforms) = postSolution
		{7FE2A2A2-80F8-4C55-8475-CF10D262E74D}.Debug|Any CPU.ActiveCfg = Debug|Any CPU
		{7FE2A2A2-80F8-4C55-8475-CF10D262E74D}.Debug|Any CPU.Build.0 = Debug|Any CPU
		{7FE2A2A2-80F8-4C55-8475-CF10D262E74D}.Release|Any CPU.ActiveCfg = Release|Any CPU
		{7FE2A2A2-80F8-4C55-8475-CF10D262E74D}.Release|Any CPU.Build.0 = Release|Any CPU
		{12E1DE1D-11EC-4A6C-9736-4A6000BDD6E0}.Debug|Any CPU.ActiveCfg = Debug|Any CPU
		{12E1DE1D-11EC-4A6C-9736-4A6000BDD6E0}.Debug|Any CPU.Build.0 = Debug|Any CPU
		{12E1DE1D-11EC-4A6C-9736-4A6000BDD6E0}.Release|Any CPU.ActiveCfg = Release|Any CPU
		{12E1DE1D-11EC-4A6C-9736-4A6000BDD6E0}.Release|Any CPU.Build.0 = Release|Any CPU
		{DBC8D0A8-E5C6-476A-B27B-AEAF80DB7DCC}.Debug|Any CPU.ActiveCfg = Debug|Any CPU
		{DBC8D0A8-E5C6-476A-B27B-AEAF80DB7DCC}.Debug|Any CPU.Build.0 = Debug|Any CPU
		{DBC8D0A8-E5C6-476A-B27B-AEAF80DB7DCC}.Release|Any CPU.ActiveCfg = Release|Any CPU
		{DBC8D0A8-E5C6-476A-B27B-AEAF80DB7DCC}.Release|Any CPU.Build.0 = Release|Any CPU
		{497DF605-CE18-4504-9DA8-B7A08FD9987B}.Debug|Any CPU.ActiveCfg = Debug|Any CPU
		{497DF605-CE18-4504-9DA8-B7A08FD9987B}.Debug|Any CPU.Build.0 = Debug|Any CPU
		{497DF605-CE18-4504-9DA8-B7A08FD9987B}.Release|Any CPU.ActiveCfg = Release|Any CPU
		{497DF605-CE18-4504-9DA8-B7A08FD9987B}.Release|Any CPU.Build.0 = Release|Any CPU
		{E2677161-E020-4E38-B0E3-1AB9FD15A809}.Debug|Any CPU.ActiveCfg = Debug|Any CPU
		{E2677161-E020-4E38-B0E3-1AB9FD15A809}.Debug|Any CPU.Build.0 = Debug|Any CPU
		{E2677161-E020-4E38-B0E3-1AB9FD15A809}.Release|Any CPU.ActiveCfg = Release|Any CPU
		{E2677161-E020-4E38-B0E3-1AB9FD15A809}.Release|Any CPU.Build.0 = Release|Any CPU
	EndGlobalSection
	GlobalSection(SolutionProperties) = preSolution
		HideSolutionNode = FALSE
	EndGlobalSection
	GlobalSection(ExtensibilityGlobals) = postSolution
		SolutionGuid = {A09FD1EA-2842-462E-8921-43407BAAA7EE}
	EndGlobalSection
EndGlobal
